// !$*UTF8*$!
{
	archiveVersion = 1;
	classes = {
	};
	objectVersion = 46;
	objects = {

/* Begin PBXBuildFile section */
		46A51E3A1B578CF7003A1257 /* StringReverActivity.swift in Sources */ = {isa = PBXBuildFile; fileRef = 46A51E391B578CF7003A1257 /* StringReverActivity.swift */; };
		46CC3C471B57645600F61625 /* AppDelegate.swift in Sources */ = {isa = PBXBuildFile; fileRef = 46CC3C461B57645600F61625 /* AppDelegate.swift */; };
		46CC3C491B57645600F61625 /* ViewController.swift in Sources */ = {isa = PBXBuildFile; fileRef = 46CC3C481B57645600F61625 /* ViewController.swift */; };
		46CC3C4C1B57645600F61625 /* Main.storyboard in Resources */ = {isa = PBXBuildFile; fileRef = 46CC3C4A1B57645600F61625 /* Main.storyboard */; };
		46CC3C4E1B57645600F61625 /* Assets.xcassets in Resources */ = {isa = PBXBuildFile; fileRef = 46CC3C4D1B57645600F61625 /* Assets.xcassets */; };
		46CC3C511B57645600F61625 /* LaunchScreen.storyboard in Resources */ = {isa = PBXBuildFile; fileRef = 46CC3C4F1B57645600F61625 /* LaunchScreen.storyboard */; };
/* End PBXBuildFile section */

/* Begin PBXFileReference section */
		46A51E391B578CF7003A1257 /* StringReverActivity.swift */ = {isa = PBXFileReference; fileEncoding = 4; lastKnownFileType = sourcecode.swift; name = StringReverActivity.swift; path = ../../../../../../ThanhDV/Desktop/ThanhDV/DTKit/UIActivityViewController/UIActivityViewController/StringReverActivity.swift; sourceTree = "<group>"; };
		46CC3C431B57645600F61625 /* UIActivityViewController.app */ = {isa = PBXFileReference; explicitFileType = wrapper.application; includeInIndex = 0; path = UIActivityViewController.app; sourceTree = BUILT_PRODUCTS_DIR; };
		46CC3C461B57645600F61625 /* AppDelegate.swift */ = {isa = PBXFileReference; lastKnownFileType = sourcecode.swift; path = AppDelegate.swift; sourceTree = "<group>"; };
		46CC3C481B57645600F61625 /* ViewController.swift */ = {isa = PBXFileReference; lastKnownFileType = sourcecode.swift; path = ViewController.swift; sourceTree = "<group>"; };
		46CC3C4B1B57645600F61625 /* Base */ = {isa = PBXFileReference; lastKnownFileType = file.storyboard; name = Base; path = Base.lproj/Main.storyboard; sourceTree = "<group>"; };
		46CC3C4D1B57645600F61625 /* Assets.xcassets */ = {isa = PBXFileReference; lastKnownFileType = folder.assetcatalog; path = Assets.xcassets; sourceTree = "<group>"; };
		46CC3C501B57645600F61625 /* Base */ = {isa = PBXFileReference; lastKnownFileType = file.storyboard; name = Base; path = Base.lproj/LaunchScreen.storyboard; sourceTree = "<group>"; };
		46CC3C521B57645600F61625 /* Info.plist */ = {isa = PBXFileReference; lastKnownFileType = text.plist.xml; path = Info.plist; sourceTree = "<group>"; };
/* End PBXFileReference section */

/* Begin PBXFrameworksBuildPhase section */
		46CC3C401B57645600F61625 /* Frameworks */ = {
			isa = PBXFrameworksBuildPhase;
			buildActionMask = 2147483647;
			files = (
			);
			runOnlyForDeploymentPostprocessing = 0;
		};
/* End PBXFrameworksBuildPhase section */

/* Begin PBXGroup section */
		46CC3C3A1B57645600F61625 = {
			isa = PBXGroup;
			children = (
				46CC3C451B57645600F61625 /* UIActivityViewController */,
				46CC3C441B57645600F61625 /* Products */,
			);
			sourceTree = "<group>";
		};
		46CC3C441B57645600F61625 /* Products */ = {
			isa = PBXGroup;
			children = (
				46CC3C431B57645600F61625 /* UIActivityViewController.app */,
			);
			name = Products;
			sourceTree = "<group>";
		};
		46CC3C451B57645600F61625 /* UIActivityViewController */ = {
			isa = PBXGroup;
			children = (
				46CC3C461B57645600F61625 /* AppDelegate.swift */,
				46CC3C481B57645600F61625 /* ViewController.swift */,
				46A51E391B578CF7003A1257 /* StringReverActivity.swift */,
				46CC3C4A1B57645600F61625 /* Main.storyboard */,
				46CC3C4D1B57645600F61625 /* Assets.xcassets */,
				46CC3C4F1B57645600F61625 /* LaunchScreen.storyboard */,
				46CC3C521B57645600F61625 /* Info.plist */,
			);
			path = UIActivityViewController;
			sourceTree = "<group>";
		};
/* End PBXGroup section */

/* Begin PBXNativeTarget section */
		46CC3C421B57645600F61625 /* UIActivityViewController */ = {
			isa = PBXNativeTarget;
			buildConfigurationList = 46CC3C551B57645600F61625 /* Build configuration list for PBXNativeTarget "UIActivityViewController" */;
			buildPhases = (
				46CC3C3F1B57645600F61625 /* Sources */,
				46CC3C401B57645600F61625 /* Frameworks */,
				46CC3C411B57645600F61625 /* Resources */,
			);
			buildRules = (
			);
			dependencies = (
			);
			name = UIActivityViewController;
			productName = UIActivityViewController;
			productReference = 46CC3C431B57645600F61625 /* UIActivityViewController.app */;
			productType = "com.apple.product-type.application";
		};
/* End PBXNativeTarget section */

/* Begin PBXProject section */
		46CC3C3B1B57645600F61625 /* Project object */ = {
			isa = PBXProject;
			attributes = {
				LastUpgradeCheck = 0700;
				ORGANIZATIONNAME = ThanhDV;
				TargetAttributes = {
					46CC3C421B57645600F61625 = {
						CreatedOnToolsVersion = 7.0;
					};
				};
			};
			buildConfigurationList = 46CC3C3E1B57645600F61625 /* Build configuration list for PBXProject "UIActivityViewController" */;
			compatibilityVersion = "Xcode 3.2";
			developmentRegion = English;
			hasScannedForEncodings = 0;
			knownRegions = (
				en,
				Base,
			);
			mainGroup = 46CC3C3A1B57645600F61625;
			productRefGroup = 46CC3C441B57645600F61625 /* Products */;
			projectDirPath = "";
			projectRoot = "";
			targets = (
				46CC3C421B57645600F61625 /* UIActivityViewController */,
			);
		};
/* End PBXProject section */

/* Begin PBXResourcesBuildPhase section */
		46CC3C411B57645600F61625 /* Resources */ = {
			isa = PBXResourcesBuildPhase;
			buildActionMask = 2147483647;
			files = (
				46CC3C511B57645600F61625 /* LaunchScreen.storyboard in Resources */,
				46CC3C4E1B57645600F61625 /* Assets.xcassets in Resources */,
				46CC3C4C1B57645600F61625 /* Main.storyboard in Resources */,
			);
			runOnlyForDeploymentPostprocessing = 0;
		};
/* End PBXResourcesBuildPhase section */

/* Begin PBXSourcesBuildPhase section */
		46CC3C3F1B57645600F61625 /* Sources */ = {
			isa = PBXSourcesBuildPhase;
			buildActionMask = 2147483647;
			files = (
				46CC3C491B57645600F61625 /* ViewController.swift in Sources */,
				46CC3C471B57645600F61625 /* AppDelegate.swift in Sources */,
				46A51E3A1B578CF7003A1257 /* StringReverActivity.swift in Sources */,
			);
			runOnlyForDeploymentPostprocessing = 0;
		};
/* End PBXSourcesBuildPhase section */

/* Begin PBXVariantGroup section */
		46CC3C4A1B57645600F61625 /* Main.storyboard */ = {
			isa = PBXVariantGroup;
			children = (
				46CC3C4B1B57645600F61625 /* Base */,
			);
			name = Main.storyboard;
			sourceTree = "<group>";
		};
		46CC3C4F1B57645600F61625 /* LaunchScreen.storyboard */ = {
			isa = PBXVariantGroup;
			children = (
				46CC3C501B57645600F61625 /* Base */,
			);
			name = LaunchScreen.storyboard;
			sourceTree = "<group>";
		};
/* End PBXVariantGroup section */

/* Begin XCBuildConfiguration section */
		46CC3C531B57645600F61625 /* Debug */ = {
			isa = XCBuildConfiguration;
			buildSettings = {
				ALWAYS_SEARCH_USER_PATHS = NO;
				CLANG_CXX_LANGUAGE_STANDARD = "gnu++0x";
				CLANG_CXX_LIBRARY = "libc++";
				CLANG_ENABLE_MODULES = YES;
				CLANG_ENABLE_OBJC_ARC = YES;
				CLANG_WARN_BOOL_CONVERSION = YES;
				CLANG_WARN_CONSTANT_CONVERSION = YES;
				CLANG_WARN_DIRECT_OBJC_ISA_USAGE = YES_ERROR;
				CLANG_WARN_EMPTY_BODY = YES;
				CLANG_WARN_ENUM_CONVERSION = YES;
				CLANG_WARN_INT_CONVERSION = YES;
				CLANG_WARN_OBJC_ROOT_CLASS = YES_ERROR;
				CLANG_WARN_UNREACHABLE_CODE = YES;
				CLANG_WARN__DUPLICATE_METHOD_MATCH = YES;
				"CODE_SIGN_IDENTITY[sdk=iphoneos*]" = "iPhone Developer";
				COPY_PHASE_STRIP = NO;
				DEBUG_INFORMATION_FORMAT = dwarf;
				ENABLE_STRICT_OBJC_MSGSEND = YES;
				ENABLE_TESTABILITY = YES;
				GCC_C_LANGUAGE_STANDARD = gnu99;
				GCC_DYNAMIC_NO_PIC = NO;
				GCC_NO_COMMON_BLOCKS = YES;
				GCC_OPTIMIZATION_LEVEL = 0;
				GCC_PREPROCESSOR_DEFINITIONS = (
					"DEBUG=1",
					"$(inherited)",
				);
				GCC_WARN_64_TO_32_BIT_CONVERSION = YES;
				GCC_WARN_ABOUT_RETURN_TYPE = YES_ERROR;
				GCC_WARN_UNDECLARED_SELECTOR = YES;
				GCC_WARN_UNINITIALIZED_AUTOS = YES_AGGRESSIVE;
				GCC_WARN_UNUSED_FUNCTION = YES;
				GCC_WARN_UNUSED_VARIABLE = YES;
				IPHONEOS_DEPLOYMENT_TARGET = 9.0;
				MTL_ENABLE_DEBUG_INFO = YES;
				ONLY_ACTIVE_ARCH = YES;
				SDKROOT = iphoneos;
				SWIFT_OPTIMIZATION_LEVEL = "-Onone";
			};
			name = Debug;
		};
		46CC3C541B57645600F61625 /* Release */ = {
			isa = XCBuildConfiguration;
			buildSettings = {
				ALWAYS_SEARCH_USER_PATHS = NO;
				CLANG_CXX_LANGUAGE_STANDARD = "gnu++0x";
				CLANG_CXX_LIBRARY = "libc++";
				CLANG_ENABLE_MODULES = YES;
				CLANG_ENABLE_OBJC_ARC = YES;
				CLANG_WARN_BOOL_CONVERSION = YES;
				CLANG_WARN_CONSTANT_CONVERSION = YES;
				CLANG_WARN_DIRECT_OBJC_ISA_USAGE = YES_ERROR;
				CLANG_WARN_EMPTY_BODY = YES;
				CLANG_WARN_ENUM_CONVERSION = YES;
				CLANG_WARN_INT_CONVERSION = YES;
				CLANG_WARN_OBJC_ROOT_CLASS = YES_ERROR;
				CLANG_WARN_UNREACHABLE_CODE = YES;
				CLANG_WARN__DUPLICATE_METHOD_MATCH = YES;
				"CODE_SIGN_IDENTITY[sdk=iphoneos*]" = "iPhone Developer";
				COPY_PHASE_STRIP = NO;
				DEBUG_INFORMATION_FORMAT = "dwarf-with-dsym";
				ENABLE_NS_ASSERTIONS = NO;
				ENABLE_STRICT_OBJC_MSGSEND = YES;
				GCC_C_LANGUAGE_STANDARD = gnu99;
				GCC_NO_COMMON_BLOCKS = YES;
				GCC_WARN_64_TO_32_BIT_CONVERSION = YES;
				GCC_WARN_ABOUT_RETURN_TYPE = YES_ERROR;
				GCC_WARN_UNDECLARED_SELECTOR = YES;
				GCC_WARN_UNINITIALIZED_AUTOS = YES_AGGRESSIVE;
				GCC_WARN_UNUSED_FUNCTION = YES;
				GCC_WARN_UNUSED_VARIABLE = YES;
				IPHONEOS_DEPLOYMENT_TARGET = 9.0;
				MTL_ENABLE_DEBUG_INFO = NO;
				SDKROOT = iphoneos;
				VALIDATE_PRODUCT = YES;
			};
			name = Release;
		};
		46CC3C561B57645600F61625 /* Debug */ = {
			isa = XCBuildConfiguration;
			buildSettings = {
				ASSETCATALOG_COMPILER_APPICON_NAME = AppIcon;
				INFOPLIST_FILE = UIActivityViewController/Info.plist;
				LD_RUNPATH_SEARCH_PATHS = "$(inherited) @executable_path/Frameworks";
				PRODUCT_BUNDLE_IDENTIFIER = os.UIActivityViewController;
				PRODUCT_NAME = "$(TARGET_NAME)";
			};
			name = Debug;
		};
		46CC3C571B57645600F61625 /* Release */ = {
			isa = XCBuildConfiguration;
			buildSettings = {
				ASSETCATALOG_COMPILER_APPICON_NAME = AppIcon;
				INFOPLIST_FILE = UIActivityViewController/Info.plist;
				LD_RUNPATH_SEARCH_PATHS = "$(inherited) @executable_path/Frameworks";
				PRODUCT_BUNDLE_IDENTIFIER = os.UIActivityViewController;
				PRODUCT_NAME = "$(TARGET_NAME)";
			};
			name = Release;
		};
/* End XCBuildConfiguration section */

/* Begin XCConfigurationList section */
		46CC3C3E1B57645600F61625 /* Build configuration list for PBXProject "UIActivityViewController" */ = {
			isa = XCConfigurationList;
			buildConfigurations = (
				46CC3C531B57645600F61625 /* Debug */,
				46CC3C541B57645600F61625 /* Release */,
			);
			defaultConfigurationIsVisible = 0;
			defaultConfigurationName = Release;
		};
		46CC3C551B57645600F61625 /* Build configuration list for PBXNativeTarget "UIActivityViewController" */ = {
			isa = XCConfigurationList;
			buildConfigurations = (
				46CC3C561B57645600F61625 /* Debug */,
				46CC3C571B57645600F61625 /* Release */,
			);
			defaultConfigurationIsVisible = 0;
			defaultConfigurationName = Release;
		};
/* End XCConfigurationList section */
	};
	rootObject = 46CC3C3B1B57645600F61625 /* Project object */;
}
