// !$*UTF8*$!
{
	archiveVersion = 1;
	classes = {
	};
	objectVersion = 46;
	objects = {

/* Begin PBXBuildFile section */
		461694741BDDE2CF0049E931 /* AppDelegate.swift in Sources */ = {isa = PBXBuildFile; fileRef = 461694731BDDE2CF0049E931 /* AppDelegate.swift */; };
		4616947B1BDDE2CF0049E931 /* Assets.xcassets in Resources */ = {isa = PBXBuildFile; fileRef = 4616947A1BDDE2CF0049E931 /* Assets.xcassets */; };
		4616947E1BDDE2CF0049E931 /* LaunchScreen.storyboard in Resources */ = {isa = PBXBuildFile; fileRef = 4616947C1BDDE2CF0049E931 /* LaunchScreen.storyboard */; };
		461694871BDDE30B0049E931 /* HomeViewController.swift in Sources */ = {isa = PBXBuildFile; fileRef = 461694851BDDE30B0049E931 /* HomeViewController.swift */; settings = {ASSET_TAGS = (); }; };
		461694881BDDE30B0049E931 /* HomeViewController.xib in Resources */ = {isa = PBXBuildFile; fileRef = 461694861BDDE30B0049E931 /* HomeViewController.xib */; settings = {ASSET_TAGS = (); }; };
		4616948B1BDDE8CA0049E931 /* PopOverViewController.swift in Sources */ = {isa = PBXBuildFile; fileRef = 461694891BDDE8CA0049E931 /* PopOverViewController.swift */; settings = {ASSET_TAGS = (); }; };
		4616948C1BDDE8CA0049E931 /* PopOverViewController.xib in Resources */ = {isa = PBXBuildFile; fileRef = 4616948A1BDDE8CA0049E931 /* PopOverViewController.xib */; settings = {ASSET_TAGS = (); }; };
/* End PBXBuildFile section */

/* Begin PBXFileReference section */
		461694701BDDE2CF0049E931 /* UIPopoverPresentationController.app */ = {isa = PBXFileReference; explicitFileType = wrapper.application; includeInIndex = 0; path = UIPopoverPresentationController.app; sourceTree = BUILT_PRODUCTS_DIR; };
		461694731BDDE2CF0049E931 /* AppDelegate.swift */ = {isa = PBXFileReference; lastKnownFileType = sourcecode.swift; path = AppDelegate.swift; sourceTree = "<group>"; };
		4616947A1BDDE2CF0049E931 /* Assets.xcassets */ = {isa = PBXFileReference; lastKnownFileType = folder.assetcatalog; path = Assets.xcassets; sourceTree = "<group>"; };
		4616947D1BDDE2CF0049E931 /* Base */ = {isa = PBXFileReference; lastKnownFileType = file.storyboard; name = Base; path = Base.lproj/LaunchScreen.storyboard; sourceTree = "<group>"; };
		4616947F1BDDE2CF0049E931 /* Info.plist */ = {isa = PBXFileReference; lastKnownFileType = text.plist.xml; path = Info.plist; sourceTree = "<group>"; };
		461694851BDDE30B0049E931 /* HomeViewController.swift */ = {isa = PBXFileReference; fileEncoding = 4; lastKnownFileType = sourcecode.swift; path = HomeViewController.swift; sourceTree = "<group>"; };
		461694861BDDE30B0049E931 /* HomeViewController.xib */ = {isa = PBXFileReference; fileEncoding = 4; lastKnownFileType = file.xib; path = HomeViewController.xib; sourceTree = "<group>"; };
		461694891BDDE8CA0049E931 /* PopOverViewController.swift */ = {isa = PBXFileReference; fileEncoding = 4; lastKnownFileType = sourcecode.swift; path = PopOverViewController.swift; sourceTree = "<group>"; };
		4616948A1BDDE8CA0049E931 /* PopOverViewController.xib */ = {isa = PBXFileReference; fileEncoding = 4; lastKnownFileType = file.xib; path = PopOverViewController.xib; sourceTree = "<group>"; };
/* End PBXFileReference section */

/* Begin PBXFrameworksBuildPhase section */
		4616946D1BDDE2CF0049E931 /* Frameworks */ = {
			isa = PBXFrameworksBuildPhase;
			buildActionMask = 2147483647;
			files = (
			);
			runOnlyForDeploymentPostprocessing = 0;
		};
/* End PBXFrameworksBuildPhase section */

/* Begin PBXGroup section */
		461694671BDDE2CF0049E931 = {
			isa = PBXGroup;
			children = (
				461694721BDDE2CF0049E931 /* UIPopoverPresentationController */,
				461694711BDDE2CF0049E931 /* Products */,
			);
			sourceTree = "<group>";
		};
		461694711BDDE2CF0049E931 /* Products */ = {
			isa = PBXGroup;
			children = (
				461694701BDDE2CF0049E931 /* UIPopoverPresentationController.app */,
			);
			name = Products;
			sourceTree = "<group>";
		};
		461694721BDDE2CF0049E931 /* UIPopoverPresentationController */ = {
			isa = PBXGroup;
			children = (
				461694731BDDE2CF0049E931 /* AppDelegate.swift */,
				461694851BDDE30B0049E931 /* HomeViewController.swift */,
				461694861BDDE30B0049E931 /* HomeViewController.xib */,
				461694891BDDE8CA0049E931 /* PopOverViewController.swift */,
				4616948A1BDDE8CA0049E931 /* PopOverViewController.xib */,
				4616947A1BDDE2CF0049E931 /* Assets.xcassets */,
				4616947C1BDDE2CF0049E931 /* LaunchScreen.storyboard */,
				4616947F1BDDE2CF0049E931 /* Info.plist */,
			);
			path = UIPopoverPresentationController;
			sourceTree = "<group>";
		};
/* End PBXGroup section */

/* Begin PBXNativeTarget section */
		4616946F1BDDE2CF0049E931 /* UIPopoverPresentationController */ = {
			isa = PBXNativeTarget;
			buildConfigurationList = 461694821BDDE2CF0049E931 /* Build configuration list for PBXNativeTarget "UIPopoverPresentationController" */;
			buildPhases = (
				4616946C1BDDE2CF0049E931 /* Sources */,
				4616946D1BDDE2CF0049E931 /* Frameworks */,
				4616946E1BDDE2CF0049E931 /* Resources */,
			);
			buildRules = (
			);
			dependencies = (
			);
			name = UIPopoverPresentationController;
			productName = UIPopoverPresentationController;
			productReference = 461694701BDDE2CF0049E931 /* UIPopoverPresentationController.app */;
			productType = "com.apple.product-type.application";
		};
/* End PBXNativeTarget section */

/* Begin PBXProject section */
		461694681BDDE2CF0049E931 /* Project object */ = {
			isa = PBXProject;
			attributes = {
				LastUpgradeCheck = 0700;
				ORGANIZATIONNAME = ThanhDV;
				TargetAttributes = {
					4616946F1BDDE2CF0049E931 = {
						CreatedOnToolsVersion = 7.0.1;
					};
				};
			};
			buildConfigurationList = 4616946B1BDDE2CF0049E931 /* Build configuration list for PBXProject "UIPopoverPresentationController" */;
			compatibilityVersion = "Xcode 3.2";
			developmentRegion = English;
			hasScannedForEncodings = 0;
			knownRegions = (
				en,
				Base,
			);
			mainGroup = 461694671BDDE2CF0049E931;
			productRefGroup = 461694711BDDE2CF0049E931 /* Products */;
			projectDirPath = "";
			projectRoot = "";
			targets = (
				4616946F1BDDE2CF0049E931 /* UIPopoverPresentationController */,
			);
		};
/* End PBXProject section */

/* Begin PBXResourcesBuildPhase section */
		4616946E1BDDE2CF0049E931 /* Resources */ = {
			isa = PBXResourcesBuildPhase;
			buildActionMask = 2147483647;
			files = (
				4616948C1BDDE8CA0049E931 /* PopOverViewController.xib in Resources */,
				4616947E1BDDE2CF0049E931 /* LaunchScreen.storyboard in Resources */,
				4616947B1BDDE2CF0049E931 /* Assets.xcassets in Resources */,
				461694881BDDE30B0049E931 /* HomeViewController.xib in Resources */,
			);
			runOnlyForDeploymentPostprocessing = 0;
		};
/* End PBXResourcesBuildPhase section */

/* Begin PBXSourcesBuildPhase section */
		4616946C1BDDE2CF0049E931 /* Sources */ = {
			isa = PBXSourcesBuildPhase;
			buildActionMask = 2147483647;
			files = (
				461694741BDDE2CF0049E931 /* AppDelegate.swift in Sources */,
				461694871BDDE30B0049E931 /* HomeViewController.swift in Sources */,
				4616948B1BDDE8CA0049E931 /* PopOverViewController.swift in Sources */,
			);
			runOnlyForDeploymentPostprocessing = 0;
		};
/* End PBXSourcesBuildPhase section */

/* Begin PBXVariantGroup section */
		4616947C1BDDE2CF0049E931 /* LaunchScreen.storyboard */ = {
			isa = PBXVariantGroup;
			children = (
				4616947D1BDDE2CF0049E931 /* Base */,
			);
			name = LaunchScreen.storyboard;
			sourceTree = "<group>";
		};
/* End PBXVariantGroup section */

/* Begin XCBuildConfiguration section */
		461694801BDDE2CF0049E931 /* Debug */ = {
			isa = XCBuildConfiguration;
			buildSettings = {
				ALWAYS_SEARCH_USER_PATHS = NO;
				CLANG_CXX_LANGUAGE_STANDARD = "gnu++0x";
				CLANG_CXX_LIBRARY = "libc++";
				CLANG_ENABLE_MODULES = YES;
				CLANG_ENABLE_OBJC_ARC = YES;
				CLANG_WARN_BOOL_CONVERSION = YES;
				CLANG_WARN_CONSTANT_CONVERSION = YES;
				CLANG_WARN_DIRECT_OBJC_ISA_USAGE = YES_ERROR;
				CLANG_WARN_EMPTY_BODY = YES;
				CLANG_WARN_ENUM_CONVERSION = YES;
				CLANG_WARN_INT_CONVERSION = YES;
				CLANG_WARN_OBJC_ROOT_CLASS = YES_ERROR;
				CLANG_WARN_UNREACHABLE_CODE = YES;
				CLANG_WARN__DUPLICATE_METHOD_MATCH = YES;
				"CODE_SIGN_IDENTITY[sdk=iphoneos*]" = "iPhone Developer";
				COPY_PHASE_STRIP = NO;
				DEBUG_INFORMATION_FORMAT = dwarf;
				ENABLE_STRICT_OBJC_MSGSEND = YES;
				ENABLE_TESTABILITY = YES;
				GCC_C_LANGUAGE_STANDARD = gnu99;
				GCC_DYNAMIC_NO_PIC = NO;
				GCC_NO_COMMON_BLOCKS = YES;
				GCC_OPTIMIZATION_LEVEL = 0;
				GCC_PREPROCESSOR_DEFINITIONS = (
					"DEBUG=1",
					"$(inherited)",
				);
				GCC_WARN_64_TO_32_BIT_CONVERSION = YES;
				GCC_WARN_ABOUT_RETURN_TYPE = YES_ERROR;
				GCC_WARN_UNDECLARED_SELECTOR = YES;
				GCC_WARN_UNINITIALIZED_AUTOS = YES_AGGRESSIVE;
				GCC_WARN_UNUSED_FUNCTION = YES;
				GCC_WARN_UNUSED_VARIABLE = YES;
				IPHONEOS_DEPLOYMENT_TARGET = 9.0;
				MTL_ENABLE_DEBUG_INFO = YES;
				ONLY_ACTIVE_ARCH = YES;
				SDKROOT = iphoneos;
				SWIFT_OPTIMIZATION_LEVEL = "-Onone";
			};
			name = Debug;
		};
		461694811BDDE2CF0049E931 /* Release */ = {
			isa = XCBuildConfiguration;
			buildSettings = {
				ALWAYS_SEARCH_USER_PATHS = NO;
				CLANG_CXX_LANGUAGE_STANDARD = "gnu++0x";
				CLANG_CXX_LIBRARY = "libc++";
				CLANG_ENABLE_MODULES = YES;
				CLANG_ENABLE_OBJC_ARC = YES;
				CLANG_WARN_BOOL_CONVERSION = YES;
				CLANG_WARN_CONSTANT_CONVERSION = YES;
				CLANG_WARN_DIRECT_OBJC_ISA_USAGE = YES_ERROR;
				CLANG_WARN_EMPTY_BODY = YES;
				CLANG_WARN_ENUM_CONVERSION = YES;
				CLANG_WARN_INT_CONVERSION = YES;
				CLANG_WARN_OBJC_ROOT_CLASS = YES_ERROR;
				CLANG_WARN_UNREACHABLE_CODE = YES;
				CLANG_WARN__DUPLICATE_METHOD_MATCH = YES;
				"CODE_SIGN_IDENTITY[sdk=iphoneos*]" = "iPhone Developer";
				COPY_PHASE_STRIP = NO;
				DEBUG_INFORMATION_FORMAT = "dwarf-with-dsym";
				ENABLE_NS_ASSERTIONS = NO;
				ENABLE_STRICT_OBJC_MSGSEND = YES;
				GCC_C_LANGUAGE_STANDARD = gnu99;
				GCC_NO_COMMON_BLOCKS = YES;
				GCC_WARN_64_TO_32_BIT_CONVERSION = YES;
				GCC_WARN_ABOUT_RETURN_TYPE = YES_ERROR;
				GCC_WARN_UNDECLARED_SELECTOR = YES;
				GCC_WARN_UNINITIALIZED_AUTOS = YES_AGGRESSIVE;
				GCC_WARN_UNUSED_FUNCTION = YES;
				GCC_WARN_UNUSED_VARIABLE = YES;
				IPHONEOS_DEPLOYMENT_TARGET = 9.0;
				MTL_ENABLE_DEBUG_INFO = NO;
				SDKROOT = iphoneos;
				VALIDATE_PRODUCT = YES;
			};
			name = Release;
		};
		461694831BDDE2CF0049E931 /* Debug */ = {
			isa = XCBuildConfiguration;
			buildSettings = {
				ASSETCATALOG_COMPILER_APPICON_NAME = AppIcon;
				INFOPLIST_FILE = UIPopoverPresentationController/Info.plist;
				LD_RUNPATH_SEARCH_PATHS = "$(inherited) @executable_path/Frameworks";
				PRODUCT_BUNDLE_IDENTIFIER = ios.UIPopoverPresentationController;
				PRODUCT_NAME = "$(TARGET_NAME)";
			};
			name = Debug;
		};
		461694841BDDE2CF0049E931 /* Release */ = {
			isa = XCBuildConfiguration;
			buildSettings = {
				ASSETCATALOG_COMPILER_APPICON_NAME = AppIcon;
				INFOPLIST_FILE = UIPopoverPresentationController/Info.plist;
				LD_RUNPATH_SEARCH_PATHS = "$(inherited) @executable_path/Frameworks";
				PRODUCT_BUNDLE_IDENTIFIER = ios.UIPopoverPresentationController;
				PRODUCT_NAME = "$(TARGET_NAME)";
			};
			name = Release;
		};
/* End XCBuildConfiguration section */

/* Begin XCConfigurationList section */
		4616946B1BDDE2CF0049E931 /* Build configuration list for PBXProject "UIPopoverPresentationController" */ = {
			isa = XCConfigurationList;
			buildConfigurations = (
				461694801BDDE2CF0049E931 /* Debug */,
				461694811BDDE2CF0049E931 /* Release */,
			);
			defaultConfigurationIsVisible = 0;
			defaultConfigurationName = Release;
		};
		461694821BDDE2CF0049E931 /* Build configuration list for PBXNativeTarget "UIPopoverPresentationController" */ = {
			isa = XCConfigurationList;
			buildConfigurations = (
				461694831BDDE2CF0049E931 /* Debug */,
				461694841BDDE2CF0049E931 /* Release */,
			);
			defaultConfigurationIsVisible = 0;
		};
/* End XCConfigurationList section */
	};
	rootObject = 461694681BDDE2CF0049E931 /* Project object */;
}
